
Microsoft Visual Studio Solution File, Format Version 12.00
# Visual Studio Version 17
VisualStudioVersion = 17.2.32526.322
MinimumVisualStudioVersion = 10.0.40219.1
Project("{2150E333-8FDC-42A3-9474-1A3956D46DE8}") = "FrontEnd", "FrontEnd", "{4660B03A-6E30-45E2-9EA1-F1E2ACB7A6F6}"
EndProject
Project("{9A19103F-16F7-4668-BE54-9A1E7A4F7556}") = "WebSite", "WebSite\WebSite.csproj", "{4CD1F009-C082-445E-B092-7D70A061C544}"
EndProject
Project("{2150E333-8FDC-42A3-9474-1A3956D46DE8}") = "Services", "Services", "{FC45BB52-0E52-4358-B7C6-BA7A50826676}"
EndProject
Project("{9A19103F-16F7-4668-BE54-9A1E7A4F7556}") = "Services.ProductAPI", "Services.ProductAPI\Services.ProductAPI.csproj", "{1AA34B13-D1AB-42C7-9DE0-E9DC6A4DF005}"
EndProject
Project("{9A19103F-16F7-4668-BE54-9A1E7A4F7556}") = "Services.Identity", "Services.Identity\Services.Identity.csproj", "{471BD4BF-5069-4FC6-B732-00BFDED393AF}"
EndProject
Project("{9A19103F-16F7-4668-BE54-9A1E7A4F7556}") = "Services.ShoppingCartAPI", "Services.ShoppingCartAPI\Services.ShoppingCartAPI.csproj", "{E3B08100-E7CE-4D10-AFE5-27E92172CB2E}"
EndProject
Project("{9A19103F-16F7-4668-BE54-9A1E7A4F7556}") = "Services.CouponAPI", "Services.CouponAPI\Services.CouponAPI.csproj", "{20B4868B-28C4-452A-88A3-3657548F3AAB}"
EndProject
Project("{2150E333-8FDC-42A3-9474-1A3956D46DE8}") = "Integration", "Integration", "{DAD49B37-D7B1-4560-A6F6-DC7EF9F20893}"
EndProject
Project("{9A19103F-16F7-4668-BE54-9A1E7A4F7556}") = "MessageBus", "MessageBus\MessageBus.csproj", "{02D1C3F2-35F7-4088-A17D-98D33FC1A7F8}"
EndProject
Project("{9A19103F-16F7-4668-BE54-9A1E7A4F7556}") = "Services.OrderAPI", "Services.OrderAPI\Services.OrderAPI.csproj", "{79F1EAC7-B009-49B4-83B8-674F6B06E9BF}"
EndProject
Project("{2150E333-8FDC-42A3-9474-1A3956D46DE8}") = "Payments", "Payments", "{3CEF7427-C1D5-4F8F-8E92-9B3A23B29670}"
EndProject
Project("{9A19103F-16F7-4668-BE54-9A1E7A4F7556}") = "PaymentProcessor", "PaymentProcessor\PaymentProcessor.csproj", "{892D6CB0-A32D-43BB-BF9F-3B43376FF872}"
EndProject
Project("{9A19103F-16F7-4668-BE54-9A1E7A4F7556}") = "Services.PaymentAPI", "Services.PaymentAPI\Services.PaymentAPI.csproj", "{747952DC-C0B8-492A-A3C8-6A91552799E5}"
EndProject
Project("{FAE04EC0-301F-11D3-BF4B-00C04F79EFBC}") = "Services.Email", "Services.Email\Services.Email.csproj", "{F4F55CB3-B87B-4791-86BB-4ABA24449E8D}"
EndProject
Global
	GlobalSection(SolutionConfigurationPlatforms) = preSolution
		Debug|Any CPU = Debug|Any CPU
		Release|Any CPU = Release|Any CPU
	EndGlobalSection
	GlobalSection(ProjectConfigurationPlatforms) = postSolution
		{4CD1F009-C082-445E-B092-7D70A061C544}.Debug|Any CPU.ActiveCfg = Debug|Any CPU
		{4CD1F009-C082-445E-B092-7D70A061C544}.Debug|Any CPU.Build.0 = Debug|Any CPU
		{4CD1F009-C082-445E-B092-7D70A061C544}.Release|Any CPU.ActiveCfg = Release|Any CPU
		{4CD1F009-C082-445E-B092-7D70A061C544}.Release|Any CPU.Build.0 = Release|Any CPU
		{1AA34B13-D1AB-42C7-9DE0-E9DC6A4DF005}.Debug|Any CPU.ActiveCfg = Debug|Any CPU
		{1AA34B13-D1AB-42C7-9DE0-E9DC6A4DF005}.Debug|Any CPU.Build.0 = Debug|Any CPU
		{1AA34B13-D1AB-42C7-9DE0-E9DC6A4DF005}.Release|Any CPU.ActiveCfg = Release|Any CPU
		{1AA34B13-D1AB-42C7-9DE0-E9DC6A4DF005}.Release|Any CPU.Build.0 = Release|Any CPU
		{471BD4BF-5069-4FC6-B732-00BFDED393AF}.Debug|Any CPU.ActiveCfg = Debug|Any CPU
		{471BD4BF-5069-4FC6-B732-00BFDED393AF}.Debug|Any CPU.Build.0 = Debug|Any CPU
		{471BD4BF-5069-4FC6-B732-00BFDED393AF}.Release|Any CPU.ActiveCfg = Release|Any CPU
		{471BD4BF-5069-4FC6-B732-00BFDED393AF}.Release|Any CPU.Build.0 = Release|Any CPU
		{E3B08100-E7CE-4D10-AFE5-27E92172CB2E}.Debug|Any CPU.ActiveCfg = Debug|Any CPU
		{E3B08100-E7CE-4D10-AFE5-27E92172CB2E}.Debug|Any CPU.Build.0 = Debug|Any CPU
		{E3B08100-E7CE-4D10-AFE5-27E92172CB2E}.Release|Any CPU.ActiveCfg = Release|Any CPU
		{E3B08100-E7CE-4D10-AFE5-27E92172CB2E}.Release|Any CPU.Build.0 = Release|Any CPU
		{20B4868B-28C4-452A-88A3-3657548F3AAB}.Debug|Any CPU.ActiveCfg = Debug|Any CPU
		{20B4868B-28C4-452A-88A3-3657548F3AAB}.Debug|Any CPU.Build.0 = Debug|Any CPU
		{20B4868B-28C4-452A-88A3-3657548F3AAB}.Release|Any CPU.ActiveCfg = Release|Any CPU
		{20B4868B-28C4-452A-88A3-3657548F3AAB}.Release|Any CPU.Build.0 = Release|Any CPU
		{02D1C3F2-35F7-4088-A17D-98D33FC1A7F8}.Debug|Any CPU.ActiveCfg = Debug|Any CPU
		{02D1C3F2-35F7-4088-A17D-98D33FC1A7F8}.Debug|Any CPU.Build.0 = Debug|Any CPU
		{02D1C3F2-35F7-4088-A17D-98D33FC1A7F8}.Release|Any CPU.ActiveCfg = Release|Any CPU
		{02D1C3F2-35F7-4088-A17D-98D33FC1A7F8}.Release|Any CPU.Build.0 = Release|Any CPU
		{79F1EAC7-B009-49B4-83B8-674F6B06E9BF}.Debug|Any CPU.ActiveCfg = Debug|Any CPU
		{79F1EAC7-B009-49B4-83B8-674F6B06E9BF}.Debug|Any CPU.Build.0 = Debug|Any CPU
		{79F1EAC7-B009-49B4-83B8-674F6B06E9BF}.Release|Any CPU.ActiveCfg = Release|Any CPU
		{79F1EAC7-B009-49B4-83B8-674F6B06E9BF}.Release|Any CPU.Build.0 = Release|Any CPU
		{892D6CB0-A32D-43BB-BF9F-3B43376FF872}.Debug|Any CPU.ActiveCfg = Debug|Any CPU
		{892D6CB0-A32D-43BB-BF9F-3B43376FF872}.Debug|Any CPU.Build.0 = Debug|Any CPU
		{892D6CB0-A32D-43BB-BF9F-3B43376FF872}.Release|Any CPU.ActiveCfg = Release|Any CPU
		{892D6CB0-A32D-43BB-BF9F-3B43376FF872}.Release|Any CPU.Build.0 = Release|Any CPU
		{747952DC-C0B8-492A-A3C8-6A91552799E5}.Debug|Any CPU.ActiveCfg = Debug|Any CPU
		{747952DC-C0B8-492A-A3C8-6A91552799E5}.Debug|Any CPU.Build.0 = Debug|Any CPU
		{747952DC-C0B8-492A-A3C8-6A91552799E5}.Release|Any CPU.ActiveCfg = Release|Any CPU
		{747952DC-C0B8-492A-A3C8-6A91552799E5}.Release|Any CPU.Build.0 = Release|Any CPU
		{F4F55CB3-B87B-4791-86BB-4ABA24449E8D}.Debug|Any CPU.ActiveCfg = Debug|Any CPU
		{F4F55CB3-B87B-4791-86BB-4ABA24449E8D}.Debug|Any CPU.Build.0 = Debug|Any CPU
		{F4F55CB3-B87B-4791-86BB-4ABA24449E8D}.Release|Any CPU.ActiveCfg = Release|Any CPU
		{F4F55CB3-B87B-4791-86BB-4ABA24449E8D}.Release|Any CPU.Build.0 = Release|Any CPU
	EndGlobalSection
	GlobalSection(SolutionProperties) = preSolution
		HideSolutionNode = FALSE
	EndGlobalSection
	GlobalSection(NestedProjects) = preSolution
		{4CD1F009-C082-445E-B092-7D70A061C544} = {4660B03A-6E30-45E2-9EA1-F1E2ACB7A6F6}
		{1AA34B13-D1AB-42C7-9DE0-E9DC6A4DF005} = {FC45BB52-0E52-4358-B7C6-BA7A50826676}
		{471BD4BF-5069-4FC6-B732-00BFDED393AF} = {FC45BB52-0E52-4358-B7C6-BA7A50826676}
		{E3B08100-E7CE-4D10-AFE5-27E92172CB2E} = {FC45BB52-0E52-4358-B7C6-BA7A50826676}
		{20B4868B-28C4-452A-88A3-3657548F3AAB} = {FC45BB52-0E52-4358-B7C6-BA7A50826676}
		{02D1C3F2-35F7-4088-A17D-98D33FC1A7F8} = {DAD49B37-D7B1-4560-A6F6-DC7EF9F20893}
		{79F1EAC7-B009-49B4-83B8-674F6B06E9BF} = {FC45BB52-0E52-4358-B7C6-BA7A50826676}
		{892D6CB0-A32D-43BB-BF9F-3B43376FF872} = {3CEF7427-C1D5-4F8F-8E92-9B3A23B29670}
		{747952DC-C0B8-492A-A3C8-6A91552799E5} = {FC45BB52-0E52-4358-B7C6-BA7A50826676}
		{F4F55CB3-B87B-4791-86BB-4ABA24449E8D} = {FC45BB52-0E52-4358-B7C6-BA7A50826676}
	EndGlobalSection
	GlobalSection(ExtensibilityGlobals) = postSolution
		SolutionGuid = {25B3A522-C560-41C2-8FBB-773C44CC1EB7}
	EndGlobalSection
EndGlobal
